github.com/dgrijalva/jwt-go v3.2.0+incompatible h1:7qlOGliEKZXTDg6OTjfoBKDXWrumCAMpl/TFQ4/5kLM=
github.com/dgrijalva/jwt-go v3.2.0+incompatible/go.mod h1:E3ru+11k8xSBh+hMPgOLZmtrrCbhqsmaPHjLKYnJCaQ=
github.com/go-chi/chi/v5 v5.0.7 h1:rDTPXLDHGATaeHvVlLcR4Qe0zftYethFucbjVQ1PxU8=
github.com/go-chi/chi/v5 v5.0.7/go.mod h1:DslCQbL2OYiznFReuXYUmQ2hGd1aDpCnlMNITLSKoi8=
github.com/google/uuid v1.3.0 h1:t6JiXgmwXMjEs8VusXIJk2BXHsn+wx8BZdTaoZ5fu7I=
github.com/google/uuid v1.3.0/go.mod h1:TIyPZe4MgqvfeYDBFedMoGGpEw/LqOeaOT+nhxU+yHo=
github.com/joho/godotenv v1.4.0 h1:3l4+N6zfMWnkbPEXKng2o2/MR5mSwTrBih4ZEkkz1lg=
github.com/joho/godotenv v1.4.0/go.mod h1:f4LDr5Voq0i2e/R5DDNOoa2zzDfwtkZa6DnEwAbqwq4=
github.com/kballard/go-shellquote v0.0.0-20180428030007-95032a82bc51 h1:Z9n2FFNUXsshfwJMBgNA0RU6/i7WVaAegv3PtuIHPMs=
github.com/lib/pq v1.10.6 h1:jbk+ZieJ0D7EVGJYpL9QTz7/YW6UHbmdnZWYyK5cdBs=
github.com/lib/pq v1.10.6/go.mod h1:AlVN5x4E4T544tWzH6hKfbfQvm3HdbOxrmggDNAPY9o=
github.com/mattn/go-isatty v0.0.12 h1:wuysRhFDzyxgEmMf5xjvJ2M9dZoWAXNNr5LSBS7uHXY=
github.com/pressly/goose/v3 v3.6.1 h1:DB7/eKhn98vWOz90OSXqMf4OwuKCdQ6GbvxhtjO4Uak=
github.com/pressly/goose/v3 v3.6.1 h1:DB7/eKhn98vWOz90OSXqMf4OwuKCdQ6GbvxhtjO4Uak=
github.com/pressly/goose/v3 v3.6.1/go.mod h1:fpaav/TpxygOn1+OAdzwswN2NbvadBOktQpiDOxewvY=
github.com/pressly/goose/v3 v3.6.1/go.mod h1:fpaav/TpxygOn1+OAdzwswN2NbvadBOktQpiDOxewvY=
github.com/remyoudompheng/bigfft v0.0.0-20200410134404-eec4a21b6bb0 h1:OdAsTTz6OkFY5QxjkYwrChwuRruF69c169dPK26NUlk=
github.com/shopspring/decimal v1.3.1 h1:2Usl1nmF/WZucqkFZhnfFYxxxu8LG21F6nPQBE5gKV8=
github.com/shopspring/decimal v1.3.1/go.mod h1:DKyhrW/HYNuLGql+MJL6WCR6knT2jwCFRcu2hWCYk4o=
golang.org/x/mod v0.6.0-dev.0.20220419223038-86c51ed26bb4 h1:6zppjxzCulZykYSLyVDYbneBfbaBIQPYMevg0bEwv2s=
golang.org/x/sys v0.0.0-20220429233432-b5fbb4746d32 h1:Js08h5hqB5xyWR789+QqueR6sDE8mk+YvpETZ+F6X9Y=
golang.org/x/tools v0.1.11 h1:loJ25fNOEhSXfHrpoGj91eCUThwdNX6u24rO1xnNteY=
golang.org/x/tools v0.1.11/go.mod h1:SgwaegtQh8clINPpECJMqnxLv9I09HLqnW3RMqW0CA4=
lukechampine.com/uint128 v1.1.1 h1:pnxCASz787iMf+02ssImqk6OLt+Z5QHMoZyUXR4z6JU=
modernc.org/cc/v3 v3.36.0 h1:0kmRkTmqNidmu3c7BNDSdVHCxXCkWLmWmCIVX4LUboo=
modernc.org/ccgo/v3 v3.16.6 h1:3l18poV+iUemQ98O3X5OMr97LOqlzis+ytivU4NqGhA=
modernc.org/libc v1.16.7 h1:qzQtHhsZNpVPpeCu+aMIQldXeV1P0vRhSqCL0nOIJOA=
modernc.org/mathutil v1.4.1 h1:ij3fYGe8zBF4Vu+g0oT7mB06r8sqGWKuJu1yXeR4by8=
modernc.org/memory v1.1.1 h1:bDOL0DIDLQv7bWhP3gMvIrnoFw+Eo6F7a2QK9HPDiFU=
modernc.org/opt v0.1.1 h1:/0RX92k9vwVeDXj+Xn23DKp2VJubL7k8qNffND6qn3A=
modernc.org/sqlite v1.17.3 h1:iE+coC5g17LtByDYDWKpR6m2Z9022YrSh3bumwOnIrI=
modernc.org/strutil v1.1.1 h1:xv+J1BXY3Opl2ALrBwyfEikFAj8pmqcpnfmuwUwcozs=
modernc.org/token v1.0.0 h1:a0jaWiNMDhDUtqOj09wvjWWAqd3q7WpBulmL9H2egsk=
